# THIS IS AN AUTOGENERATED FILE. DO NOT EDIT THIS FILE DIRECTLY.
# yarn lockfile v1


"@types/chrome@^0.0.204":
  "integrity" "sha512-EvnHfxMHUWP5EAlRMK66uIEUiy36t72vg5RwmzQv9tdIl2ZmAp92NwvmEZJKpbRnIMTEc2BmSmtrFiEISUJ0Sw=="
  "resolved" "https://registry.npmjs.org/@types/chrome/-/chrome-0.0.204.tgz"
  "version" "0.0.204"
  dependencies:
    "@types/filesystem" "*"
    "@types/har-format" "*"

"@types/filesystem@*":
  "integrity" "sha512-Yuf4jR5YYMR2DVgwuCiP11s0xuVRyPKmz8vo6HBY3CGdeMj8af93CFZX+T82+VD1+UqHOxTq31lO7MI7lepBtQ=="
  "resolved" "https://registry.npmjs.org/@types/filesystem/-/filesystem-0.0.32.tgz"
  "version" "0.0.32"
  dependencies:
    "@types/filewriter" "*"

"@types/filewriter@*":
  "integrity" "sha512-BsPXH/irW0ht0Ji6iw/jJaK8Lj3FJemon2gvEqHKpCdDCeemHa+rI3WBGq5z7cDMZgoLjY40oninGxqk+8NzNQ=="
  "resolved" "https://registry.npmjs.org/@types/filewriter/-/filewriter-0.0.29.tgz"
  "version" "0.0.29"

"@types/har-format@*":
  "integrity" "sha512-o0J30wqycjF5miWDKYKKzzOU1ZTLuA42HZ4HE7/zqTOc/jTLdQ5NhYWvsRQo45Nfi1KHoRdNhteSI4BAxTF1Pg=="
  "resolved" "https://registry.npmjs.org/@types/har-format/-/har-format-1.2.10.tgz"
  "version" "1.2.10"

"typescript@^4.9.4":
  "integrity" "sha512-Uz+dTXYzxXXbsFpM86Wh3dKCxrQqUcVMxwU54orwlJjOpO3ao8L7j5lH+dWfTwgCwIuM9GQ2kvVotzYJMXTBZg=="
  "resolved" "https://registry.npmjs.org/typescript/-/typescript-4.9.4.tgz"
  "version" "4.9.4"
